// !$*UTF8*$!
{
	archiveVersion = 1;
	classes = {
	};
	objectVersion = 100;
	objects = {

/* Begin PBXFileReference section */
		A7A684962F85461E00DCA5CA /* index.html */ = {isa = PBXFileReference; indentWidth = 4; lastKnownFileType = text.html; path = index.html; sourceTree = "<group>"; tabWidth = 4; };
/* End PBXFileReference section */

/* Begin PBXFileSystemSynchronizedRootGroup section */
		A70346D22F8EF1150013A2F7 /* germanydrive.by */ = {
			isa = PBXFileSystemSynchronizedRootGroup;
			path = germanydrive.by;
			sourceTree = "<group>";
		};
		A70346D32F8EF1720013A2F7 /* infolift.by */ = {
			isa = PBXFileSystemSynchronizedRootGroup;
			path = infolift.by;
			sourceTree = "<group>";
		};
		A70347072F8EF2C20013A2F7 /* js */ = {
			isa = PBXFileSystemSynchronizedRootGroup;
			path = js;
			sourceTree = "<group>";
		};
		A70347082F8EF2FF0013A2F7 /* assets */ = {
			isa = PBXFileSystemSynchronizedRootGroup;
			path = assets;
			sourceTree = "<group>";
		};
		A70347092F8EF36A0013A2F7 /* css */ = {
			isa = PBXFileSystemSynchronizedRootGroup;
			path = css;
			sourceTree = "<group>";
		};
/* End PBXFileSystemSynchronizedRootGroup section */

/* Begin PBXGroup section */
		A7A6847B2F8545F300DCA5CA = {
			isa = PBXGroup;
			children = (
				A70347092F8EF36A0013A2F7 /* css */,
				A70347082F8EF2FF0013A2F7 /* assets */,
				A70347072F8EF2C20013A2F7 /* js */,
				A70346D32F8EF1720013A2F7 /* infolift.by */,
				A70346D22F8EF1150013A2F7 /* germanydrive.by */,
				A7A684962F85461E00DCA5CA /* index.html */,
			);
			sourceTree = "<group>";
		};
/* End PBXGroup section */

/* Begin PBXProject section */
		A7A6847C2F8545F300DCA5CA /* Project object */ = {
			isa = PBXProject;
			attributes = {
				BuildIndependentTargetsInParallel = 1;
				LastUpgradeCheck = 2640;
			};
			buildConfigurationList = A7A6847F2F8545F300DCA5CA /* Build configuration list for PBXProject "elmardream.com" */;
			developmentRegion = en;
			hasScannedForEncodings = 0;
			knownRegions = (
				en,
				Base,
			);
			mainGroup = A7A6847B2F8545F300DCA5CA;
			minimizedProjectReferenceProxies = 1;
			preferredProjectObjectVersion = 100;
			projectDirPath = "";
			projectRoot = "";
			targets = (
			);
		};
/* End PBXProject section */

/* Begin XCBuildConfiguration section */
		A7A684802F8545F300DCA5CA /* Debug configuration for PBXProject "elmardream.com" */ = {
			isa = XCBuildConfiguration;
			buildSettings = {
			};
			name = Debug;
		};
		A7A684812F8545F300DCA5CA /* Release configuration for PBXProject "elmardream.com" */ = {
			isa = XCBuildConfiguration;
			buildSettings = {
			};
			name = Release;
		};
/* End XCBuildConfiguration section */

/* Begin XCConfigurationList section */
		A7A6847F2F8545F300DCA5CA /* Build configuration list for PBXProject "elmardream.com" */ = {
			isa = XCConfigurationList;
			buildConfigurations = (
				A7A684802F8545F300DCA5CA /* Debug configuration for PBXProject "elmardream.com" */,
				A7A684812F8545F300DCA5CA /* Release configuration for PBXProject "elmardream.com" */,
			);
			defaultConfigurationName = Release;
		};
/* End XCConfigurationList section */
	};
	rootObject = A7A6847C2F8545F300DCA5CA /* Project object */;
}
